
Microsoft Visual Studio Solution File, Format Version 12.00
# Visual Studio 14
VisualStudioVersion = 14.0.25420.1
MinimumVisualStudioVersion = 10.0.40219.1
Project("{FAE04EC0-301F-11D3-BF4B-00C04F79EFBC}") = "ToPdf.Core", "ToPdf.Core\ToPdf.Core.csproj", "{4F366B3C-A777-4975-A272-AE7D32EE703F}"
EndProject
Project("{FAE04EC0-301F-11D3-BF4B-00C04F79EFBC}") = "ToPdf.Windows.UI", "ToPdf.Windows.UI\ToPdf.Windows.UI.csproj", "{EABB67C1-9FF1-4BBF-B4A9-DDC966F21A13}"
EndProject
Global
	GlobalSection(SolutionConfigurationPlatforms) = preSolution
		Debug|Any CPU = Debug|Any CPU
		Release|Any CPU = Release|Any CPU
	EndGlobalSection
	GlobalSection(ProjectConfigurationPlatforms) = postSolution
		{4F366B3C-A777-4975-A272-AE7D32EE703F}.Debug|Any CPU.ActiveCfg = Debug|Any CPU
		{4F366B3C-A777-4975-A272-AE7D32EE703F}.Debug|Any CPU.Build.0 = Debug|Any CPU
		{4F366B3C-A777-4975-A272-AE7D32EE703F}.Release|Any CPU.ActiveCfg = Release|Any CPU
		{4F366B3C-A777-4975-A272-AE7D32EE703F}.Release|Any CPU.Build.0 = Release|Any CPU
		{EABB67C1-9FF1-4BBF-B4A9-DDC966F21A13}.Debug|Any CPU.ActiveCfg = Debug|Any CPU
		{EABB67C1-9FF1-4BBF-B4A9-DDC966F21A13}.Debug|Any CPU.Build.0 = Debug|Any CPU
		{EABB67C1-9FF1-4BBF-B4A9-DDC966F21A13}.Release|Any CPU.ActiveCfg = Release|Any CPU
		{EABB67C1-9FF1-4BBF-B4A9-DDC966F21A13}.Release|Any CPU.Build.0 = Release|Any CPU
	EndGlobalSection
	GlobalSection(SolutionProperties) = preSolution
		HideSolutionNode = FALSE
	EndGlobalSection
EndGlobal
